
Microsoft Visual Studio Solution File, Format Version 12.00
# Visual Studio Version 17
VisualStudioVersion = 17.13.35818.85
MinimumVisualStudioVersion = 10.0.40219.1
Project("{FAE04EC0-301F-11D3-BF4B-00C04F79EFBC}") = "4 - Implementing Master Page", "4 - Implementing Master Page\4 - Implementing Master Page.csproj", "{2CD316ED-82B2-4FBB-8D1D-6DAFDF045677}"
EndProject
Project("{FAE04EC0-301F-11D3-BF4B-00C04F79EFBC}") = "ClassLibrary", "ClassLibrary\ClassLibrary.csproj", "{6C1C9C1F-E761-4AFC-9A07-A1B3E2631188}"
EndProject
Global
	GlobalSection(SolutionConfigurationPlatforms) = preSolution
		Debug|Any CPU = Debug|Any CPU
		Release|Any CPU = Release|Any CPU
	EndGlobalSection
	GlobalSection(ProjectConfigurationPlatforms) = postSolution
		{2CD316ED-82B2-4FBB-8D1D-6DAFDF045677}.Debug|Any CPU.ActiveCfg = Debug|Any CPU
		{2CD316ED-82B2-4FBB-8D1D-6DAFDF045677}.Debug|Any CPU.Build.0 = Debug|Any CPU
		{2CD316ED-82B2-4FBB-8D1D-6DAFDF045677}.Release|Any CPU.ActiveCfg = Release|Any CPU
		{2CD316ED-82B2-4FBB-8D1D-6DAFDF045677}.Release|Any CPU.Build.0 = Release|Any CPU
		{6C1C9C1F-E761-4AFC-9A07-A1B3E2631188}.Debug|Any CPU.ActiveCfg = Debug|Any CPU
		{6C1C9C1F-E761-4AFC-9A07-A1B3E2631188}.Debug|Any CPU.Build.0 = Debug|Any CPU
		{6C1C9C1F-E761-4AFC-9A07-A1B3E2631188}.Release|Any CPU.ActiveCfg = Release|Any CPU
		{6C1C9C1F-E761-4AFC-9A07-A1B3E2631188}.Release|Any CPU.Build.0 = Release|Any CPU
	EndGlobalSection
	GlobalSection(SolutionProperties) = preSolution
		HideSolutionNode = FALSE
	EndGlobalSection
	GlobalSection(ExtensibilityGlobals) = postSolution
		SolutionGuid = {431B682D-3BD7-4C9F-A1DA-5F2F31CFCBC6}
	EndGlobalSection
EndGlobal
