
Microsoft Visual Studio Solution File, Format Version 12.00
# Visual Studio Version 17
VisualStudioVersion = 17.13.35806.99
MinimumVisualStudioVersion = 10.0.40219.1
Project("{FAE04EC0-301F-11D3-BF4B-00C04F79EFBC}") = "OOPArrayList", "3-OOP with ArrayList_Bembo\OOPArrayList.csproj", "{C1D10D45-2D21-4942-9818-20F1AE95D543}"
EndProject
Project("{FAE04EC0-301F-11D3-BF4B-00C04F79EFBC}") = "ClassLibrary", "ClassLibrary\ClassLibrary.csproj", "{B8464334-CFDC-42B4-9AD9-E28EC54E8FEE}"
EndProject
Global
	GlobalSection(SolutionConfigurationPlatforms) = preSolution
		Debug|Any CPU = Debug|Any CPU
		Release|Any CPU = Release|Any CPU
	EndGlobalSection
	GlobalSection(ProjectConfigurationPlatforms) = postSolution
		{C1D10D45-2D21-4942-9818-20F1AE95D543}.Debug|Any CPU.ActiveCfg = Debug|Any CPU
		{C1D10D45-2D21-4942-9818-20F1AE95D543}.Debug|Any CPU.Build.0 = Debug|Any CPU
		{C1D10D45-2D21-4942-9818-20F1AE95D543}.Release|Any CPU.ActiveCfg = Release|Any CPU
		{C1D10D45-2D21-4942-9818-20F1AE95D543}.Release|Any CPU.Build.0 = Release|Any CPU
		{B8464334-CFDC-42B4-9AD9-E28EC54E8FEE}.Debug|Any CPU.ActiveCfg = Debug|Any CPU
		{B8464334-CFDC-42B4-9AD9-E28EC54E8FEE}.Debug|Any CPU.Build.0 = Debug|Any CPU
		{B8464334-CFDC-42B4-9AD9-E28EC54E8FEE}.Release|Any CPU.ActiveCfg = Release|Any CPU
		{B8464334-CFDC-42B4-9AD9-E28EC54E8FEE}.Release|Any CPU.Build.0 = Release|Any CPU
	EndGlobalSection
	GlobalSection(SolutionProperties) = preSolution
		HideSolutionNode = FALSE
	EndGlobalSection
	GlobalSection(ExtensibilityGlobals) = postSolution
		SolutionGuid = {96AC1839-E5B9-4EFD-9F3E-2FCC99333387}
	EndGlobalSection
EndGlobal
