
Microsoft Visual Studio Solution File, Format Version 12.00
# Visual Studio Version 17
VisualStudioVersion = 17.13.35825.156
MinimumVisualStudioVersion = 10.0.40219.1
Project("{FAE04EC0-301F-11D3-BF4B-00C04F79EFBC}") = "CPLec-RecordsArrayList", "CPLec-RecordsArrayList\CPLec-RecordsArrayList.csproj", "{A1E8873F-B1E6-4752-A37C-E53A49CFAD9F}"
EndProject
Project("{FAE04EC0-301F-11D3-BF4B-00C04F79EFBC}") = "ClassLibrary", "ClassLibrary\ClassLibrary.csproj", "{8BBB9FC9-1539-4F9F-97D7-C04D0F3F32F5}"
EndProject
Global
	GlobalSection(SolutionConfigurationPlatforms) = preSolution
		Debug|Any CPU = Debug|Any CPU
		Release|Any CPU = Release|Any CPU
	EndGlobalSection
	GlobalSection(ProjectConfigurationPlatforms) = postSolution
		{A1E8873F-B1E6-4752-A37C-E53A49CFAD9F}.Debug|Any CPU.ActiveCfg = Debug|Any CPU
		{A1E8873F-B1E6-4752-A37C-E53A49CFAD9F}.Debug|Any CPU.Build.0 = Debug|Any CPU
		{A1E8873F-B1E6-4752-A37C-E53A49CFAD9F}.Release|Any CPU.ActiveCfg = Release|Any CPU
		{A1E8873F-B1E6-4752-A37C-E53A49CFAD9F}.Release|Any CPU.Build.0 = Release|Any CPU
		{8BBB9FC9-1539-4F9F-97D7-C04D0F3F32F5}.Debug|Any CPU.ActiveCfg = Debug|Any CPU
		{8BBB9FC9-1539-4F9F-97D7-C04D0F3F32F5}.Debug|Any CPU.Build.0 = Debug|Any CPU
		{8BBB9FC9-1539-4F9F-97D7-C04D0F3F32F5}.Release|Any CPU.ActiveCfg = Release|Any CPU
		{8BBB9FC9-1539-4F9F-97D7-C04D0F3F32F5}.Release|Any CPU.Build.0 = Release|Any CPU
	EndGlobalSection
	GlobalSection(SolutionProperties) = preSolution
		HideSolutionNode = FALSE
	EndGlobalSection
	GlobalSection(ExtensibilityGlobals) = postSolution
		SolutionGuid = {72BE75B6-91A9-4FF2-A910-AAAB08F0FC15}
	EndGlobalSection
EndGlobal
